
Microsoft Visual Studio Solution File, Format Version 12.00
# Visual Studio Version 17
VisualStudioVersion = 17.5.002.0
MinimumVisualStudioVersion = 10.0.40219.1
Project("{2150E333-8FDC-42A3-9474-1A3956D46DE8}") = "week01", "week01", "{4E09282A-CFB3-4B01-B1D8-1A00A4CD7964}"
EndProject
Project("{9A19103F-16F7-4668-BE54-9A1E7A4F7556}") = "code", "week01\code\code.csproj", "{03B8A09A-C2EA-45CC-9AF7-402B62ACC92C}"
EndProject
Project("{9A19103F-16F7-4668-BE54-9A1E7A4F7556}") = "analyze", "week01\analyze\analyze.csproj", "{8034833F-86E4-4C1B-BCCD-1FBB928DD937}"
EndProject
Project("{9A19103F-16F7-4668-BE54-9A1E7A4F7556}") = "teach", "week01\teach\teach.csproj", "{FFE0C3BC-25A0-4A98-8729-C7090BCE7241}"
EndProject
Project("{2150E333-8FDC-42A3-9474-1A3956D46DE8}") = "week06", "week06", "{86BF9EA0-A65C-41C1-BE17-5859B783BEE7}"
EndProject
Project("{9A19103F-16F7-4668-BE54-9A1E7A4F7556}") = "code", "week06\code\code.csproj", "{7ABFD9B0-2F8D-4B70-95AB-0CA416CE355C}"
EndProject
Project("{2150E333-8FDC-42A3-9474-1A3956D46DE8}") = "sandbox", "sandbox", "{EC612772-B0AA-424D-965A-4AB14F35ECF9}"
EndProject
Project("{9A19103F-16F7-4668-BE54-9A1E7A4F7556}") = "sandbox_project", "sandbox\sandbox_project\sandbox_project.csproj", "{4FBB74F9-0766-46C0-93E1-6760D2F67288}"
EndProject
Project("{2150E333-8FDC-42A3-9474-1A3956D46DE8}") = "week05", "week05", "{ACB58759-02B3-4409-87E4-F6C6B770E24E}"
EndProject
Project("{9A19103F-16F7-4668-BE54-9A1E7A4F7556}") = "code", "week05\code\code.csproj", "{EC9EFFD1-82AE-4737-B218-29B3DCEBB9C2}"
EndProject
Project("{2150E333-8FDC-42A3-9474-1A3956D46DE8}") = "week02", "week02", "{20CDD027-9563-4FB7-AACD-DE3D5073FCFE}"
EndProject
Project("{9A19103F-16F7-4668-BE54-9A1E7A4F7556}") = "learn", "week02\learn\learn.csproj", "{C50A13C2-B521-427F-9CD7-4DD0CD0DB9A2}"
EndProject
Project("{9A19103F-16F7-4668-BE54-9A1E7A4F7556}") = "code", "week02\code\code.csproj", "{79D0E1AE-B240-4BA3-8460-0C27B530F0D6}"
EndProject
Project("{9A19103F-16F7-4668-BE54-9A1E7A4F7556}") = "analyze", "week02\analyze\analyze.csproj", "{4FE104FA-A183-47BE-BD11-8E0275A3AC8D}"
EndProject
Project("{9A19103F-16F7-4668-BE54-9A1E7A4F7556}") = "teach", "week02\teach\teach.csproj", "{4B6A82F7-48F8-4D20-9010-720982676250}"
EndProject
Project("{2150E333-8FDC-42A3-9474-1A3956D46DE8}") = "week03", "week03", "{9B90F543-5D5F-4A96-BEA1-89A319F802A4}"
EndProject
Project("{9A19103F-16F7-4668-BE54-9A1E7A4F7556}") = "learn", "week03\learn\learn.csproj", "{CAADAB6E-A92E-4DC0-95D2-6504D8A5826F}"
EndProject
Project("{9A19103F-16F7-4668-BE54-9A1E7A4F7556}") = "code", "week03\code\code.csproj", "{2AE9DF2F-AD37-40E2-BEAD-299AAD4C0090}"
EndProject
Project("{9A19103F-16F7-4668-BE54-9A1E7A4F7556}") = "teach", "week03\teach\teach.csproj", "{3F5DE1AD-E9C9-4F5E-96C3-99EE63505A4F}"
EndProject
Project("{2150E333-8FDC-42A3-9474-1A3956D46DE8}") = "week04", "week04", "{AB3BEC7C-3B5C-4A31-922F-52F3A2C52E2F}"
EndProject
Project("{9A19103F-16F7-4668-BE54-9A1E7A4F7556}") = "code", "week04\code\code.csproj", "{3C6994F8-2EE3-4C53-B97A-D8BD7796E69A}"
EndProject
Global
	GlobalSection(SolutionConfigurationPlatforms) = preSolution
		Debug|Any CPU = Debug|Any CPU
		Release|Any CPU = Release|Any CPU
	EndGlobalSection
	GlobalSection(ProjectConfigurationPlatforms) = postSolution
		{03B8A09A-C2EA-45CC-9AF7-402B62ACC92C}.Debug|Any CPU.ActiveCfg = Debug|Any CPU
		{03B8A09A-C2EA-45CC-9AF7-402B62ACC92C}.Debug|Any CPU.Build.0 = Debug|Any CPU
		{03B8A09A-C2EA-45CC-9AF7-402B62ACC92C}.Release|Any CPU.ActiveCfg = Release|Any CPU
		{03B8A09A-C2EA-45CC-9AF7-402B62ACC92C}.Release|Any CPU.Build.0 = Release|Any CPU
		{8034833F-86E4-4C1B-BCCD-1FBB928DD937}.Debug|Any CPU.ActiveCfg = Debug|Any CPU
		{8034833F-86E4-4C1B-BCCD-1FBB928DD937}.Debug|Any CPU.Build.0 = Debug|Any CPU
		{8034833F-86E4-4C1B-BCCD-1FBB928DD937}.Release|Any CPU.ActiveCfg = Release|Any CPU
		{8034833F-86E4-4C1B-BCCD-1FBB928DD937}.Release|Any CPU.Build.0 = Release|Any CPU
		{FFE0C3BC-25A0-4A98-8729-C7090BCE7241}.Debug|Any CPU.ActiveCfg = Debug|Any CPU
		{FFE0C3BC-25A0-4A98-8729-C7090BCE7241}.Debug|Any CPU.Build.0 = Debug|Any CPU
		{FFE0C3BC-25A0-4A98-8729-C7090BCE7241}.Release|Any CPU.ActiveCfg = Release|Any CPU
		{FFE0C3BC-25A0-4A98-8729-C7090BCE7241}.Release|Any CPU.Build.0 = Release|Any CPU
		{7ABFD9B0-2F8D-4B70-95AB-0CA416CE355C}.Debug|Any CPU.ActiveCfg = Debug|Any CPU
		{7ABFD9B0-2F8D-4B70-95AB-0CA416CE355C}.Debug|Any CPU.Build.0 = Debug|Any CPU
		{7ABFD9B0-2F8D-4B70-95AB-0CA416CE355C}.Release|Any CPU.ActiveCfg = Release|Any CPU
		{7ABFD9B0-2F8D-4B70-95AB-0CA416CE355C}.Release|Any CPU.Build.0 = Release|Any CPU
		{4FBB74F9-0766-46C0-93E1-6760D2F67288}.Debug|Any CPU.ActiveCfg = Debug|Any CPU
		{4FBB74F9-0766-46C0-93E1-6760D2F67288}.Debug|Any CPU.Build.0 = Debug|Any CPU
		{4FBB74F9-0766-46C0-93E1-6760D2F67288}.Release|Any CPU.ActiveCfg = Release|Any CPU
		{4FBB74F9-0766-46C0-93E1-6760D2F67288}.Release|Any CPU.Build.0 = Release|Any CPU
		{EC9EFFD1-82AE-4737-B218-29B3DCEBB9C2}.Debug|Any CPU.ActiveCfg = Debug|Any CPU
		{EC9EFFD1-82AE-4737-B218-29B3DCEBB9C2}.Debug|Any CPU.Build.0 = Debug|Any CPU
		{EC9EFFD1-82AE-4737-B218-29B3DCEBB9C2}.Release|Any CPU.ActiveCfg = Release|Any CPU
		{EC9EFFD1-82AE-4737-B218-29B3DCEBB9C2}.Release|Any CPU.Build.0 = Release|Any CPU
		{C50A13C2-B521-427F-9CD7-4DD0CD0DB9A2}.Debug|Any CPU.ActiveCfg = Debug|Any CPU
		{C50A13C2-B521-427F-9CD7-4DD0CD0DB9A2}.Debug|Any CPU.Build.0 = Debug|Any CPU
		{C50A13C2-B521-427F-9CD7-4DD0CD0DB9A2}.Release|Any CPU.ActiveCfg = Release|Any CPU
		{C50A13C2-B521-427F-9CD7-4DD0CD0DB9A2}.Release|Any CPU.Build.0 = Release|Any CPU
		{79D0E1AE-B240-4BA3-8460-0C27B530F0D6}.Debug|Any CPU.ActiveCfg = Debug|Any CPU
		{79D0E1AE-B240-4BA3-8460-0C27B530F0D6}.Debug|Any CPU.Build.0 = Debug|Any CPU
		{79D0E1AE-B240-4BA3-8460-0C27B530F0D6}.Release|Any CPU.ActiveCfg = Release|Any CPU
		{79D0E1AE-B240-4BA3-8460-0C27B530F0D6}.Release|Any CPU.Build.0 = Release|Any CPU
		{4FE104FA-A183-47BE-BD11-8E0275A3AC8D}.Debug|Any CPU.ActiveCfg = Debug|Any CPU
		{4FE104FA-A183-47BE-BD11-8E0275A3AC8D}.Debug|Any CPU.Build.0 = Debug|Any CPU
		{4FE104FA-A183-47BE-BD11-8E0275A3AC8D}.Release|Any CPU.ActiveCfg = Release|Any CPU
		{4FE104FA-A183-47BE-BD11-8E0275A3AC8D}.Release|Any CPU.Build.0 = Release|Any CPU
		{4B6A82F7-48F8-4D20-9010-720982676250}.Debug|Any CPU.ActiveCfg = Debug|Any CPU
		{4B6A82F7-48F8-4D20-9010-720982676250}.Debug|Any CPU.Build.0 = Debug|Any CPU
		{4B6A82F7-48F8-4D20-9010-720982676250}.Release|Any CPU.ActiveCfg = Release|Any CPU
		{4B6A82F7-48F8-4D20-9010-720982676250}.Release|Any CPU.Build.0 = Release|Any CPU
		{CAADAB6E-A92E-4DC0-95D2-6504D8A5826F}.Debug|Any CPU.ActiveCfg = Debug|Any CPU
		{CAADAB6E-A92E-4DC0-95D2-6504D8A5826F}.Debug|Any CPU.Build.0 = Debug|Any CPU
		{CAADAB6E-A92E-4DC0-95D2-6504D8A5826F}.Release|Any CPU.ActiveCfg = Release|Any CPU
		{CAADAB6E-A92E-4DC0-95D2-6504D8A5826F}.Release|Any CPU.Build.0 = Release|Any CPU
		{2AE9DF2F-AD37-40E2-BEAD-299AAD4C0090}.Debug|Any CPU.ActiveCfg = Debug|Any CPU
		{2AE9DF2F-AD37-40E2-BEAD-299AAD4C0090}.Debug|Any CPU.Build.0 = Debug|Any CPU
		{2AE9DF2F-AD37-40E2-BEAD-299AAD4C0090}.Release|Any CPU.ActiveCfg = Release|Any CPU
		{2AE9DF2F-AD37-40E2-BEAD-299AAD4C0090}.Release|Any CPU.Build.0 = Release|Any CPU
		{3F5DE1AD-E9C9-4F5E-96C3-99EE63505A4F}.Debug|Any CPU.ActiveCfg = Debug|Any CPU
		{3F5DE1AD-E9C9-4F5E-96C3-99EE63505A4F}.Debug|Any CPU.Build.0 = Debug|Any CPU
		{3F5DE1AD-E9C9-4F5E-96C3-99EE63505A4F}.Release|Any CPU.ActiveCfg = Release|Any CPU
		{3F5DE1AD-E9C9-4F5E-96C3-99EE63505A4F}.Release|Any CPU.Build.0 = Release|Any CPU
		{3C6994F8-2EE3-4C53-B97A-D8BD7796E69A}.Debug|Any CPU.ActiveCfg = Debug|Any CPU
		{3C6994F8-2EE3-4C53-B97A-D8BD7796E69A}.Debug|Any CPU.Build.0 = Debug|Any CPU
		{3C6994F8-2EE3-4C53-B97A-D8BD7796E69A}.Release|Any CPU.ActiveCfg = Release|Any CPU
		{3C6994F8-2EE3-4C53-B97A-D8BD7796E69A}.Release|Any CPU.Build.0 = Release|Any CPU
	EndGlobalSection
	GlobalSection(SolutionProperties) = preSolution
		HideSolutionNode = FALSE
	EndGlobalSection
	GlobalSection(NestedProjects) = preSolution
		{03B8A09A-C2EA-45CC-9AF7-402B62ACC92C} = {4E09282A-CFB3-4B01-B1D8-1A00A4CD7964}
		{8034833F-86E4-4C1B-BCCD-1FBB928DD937} = {4E09282A-CFB3-4B01-B1D8-1A00A4CD7964}
		{FFE0C3BC-25A0-4A98-8729-C7090BCE7241} = {4E09282A-CFB3-4B01-B1D8-1A00A4CD7964}
		{7ABFD9B0-2F8D-4B70-95AB-0CA416CE355C} = {86BF9EA0-A65C-41C1-BE17-5859B783BEE7}
		{4FBB74F9-0766-46C0-93E1-6760D2F67288} = {EC612772-B0AA-424D-965A-4AB14F35ECF9}
		{EC9EFFD1-82AE-4737-B218-29B3DCEBB9C2} = {ACB58759-02B3-4409-87E4-F6C6B770E24E}
		{C50A13C2-B521-427F-9CD7-4DD0CD0DB9A2} = {20CDD027-9563-4FB7-AACD-DE3D5073FCFE}
		{79D0E1AE-B240-4BA3-8460-0C27B530F0D6} = {20CDD027-9563-4FB7-AACD-DE3D5073FCFE}
		{4FE104FA-A183-47BE-BD11-8E0275A3AC8D} = {20CDD027-9563-4FB7-AACD-DE3D5073FCFE}
		{4B6A82F7-48F8-4D20-9010-720982676250} = {20CDD027-9563-4FB7-AACD-DE3D5073FCFE}
		{CAADAB6E-A92E-4DC0-95D2-6504D8A5826F} = {9B90F543-5D5F-4A96-BEA1-89A319F802A4}
		{2AE9DF2F-AD37-40E2-BEAD-299AAD4C0090} = {9B90F543-5D5F-4A96-BEA1-89A319F802A4}
		{3F5DE1AD-E9C9-4F5E-96C3-99EE63505A4F} = {9B90F543-5D5F-4A96-BEA1-89A319F802A4}
		{3C6994F8-2EE3-4C53-B97A-D8BD7796E69A} = {AB3BEC7C-3B5C-4A31-922F-52F3A2C52E2F}
	EndGlobalSection
	GlobalSection(ExtensibilityGlobals) = postSolution
		SolutionGuid = {39970571-A2A3-490E-A1C2-4C86FEC042DC}
	EndGlobalSection
EndGlobal
